{
  "name": "seven-app",
  "version": "1.0.0",
  "lockfileVersion": 3,
  "requires": true,
  "packages": {
    "": {
      "name": "seven-app",
      "version": "1.0.0",
      "license": "UNLICENSED",
      "dependencies": {
        "@capacitor/android": "^7.0.0",
        "@capacitor/app": "^7.0.0",
        "@capacitor/core": "^7.0.0",
        "@capacitor/haptics": "^7.0.0",
        "@capacitor/ios": "^7.6.5",
        "@capacitor/keyboard": "^7.0.0",
        "@capacitor/splash-screen": "^7.0.0",
        "@capacitor/status-bar": "^7.0.0",
        "@revenuecat/purchases-capacitor": "^11.3.2",
        "googleapis": "^175.0.0"
      },
      "devDependencies": {
        "@capacitor/cli": "^7.0.0"
      }
    },
    "node_modules/@capacitor/android": {
      "version": "7.6.5",
      "license": "MIT",
      "peerDependencies": {
        "@capacitor/core": "^7.6.0"
      }
    },
    "node_modules/@capacitor/app": {
      "version": "7.1.2",
      "license": "MIT",
      "peerDependencies": {
        "@capacitor/core": ">=7.0.0"
      }
    },
    "node_modules/@capacitor/cli": {
      "version": "7.6.5",
      "dev": true,
      "license": "MIT",
      "dependencies": {
        "@ionic/cli-framework-output": "^2.2.8",
        "@ionic/utils-subprocess": "^3.0.1",
        "@ionic/utils-terminal": "^2.3.5",
        "commander": "^12.1.0",
        "debug": "^4.4.0",
        "env-paths": "^2.2.0",
        "fs-extra": "^11.2.0",
        "kleur": "^4.1.5",
        "native-run": "^2.0.3",
        "open": "^8.4.0",
        "plist": "^3.1.0",
        "prompts": "^2.4.2",
        "rimraf": "^6.0.1",
        "semver": "^7.6.3",
        "tar": "^7.5.3",
        "tslib": "^2.8.1",
        "xml2js": "^0.6.2"
      },
      "bin": {
        "cap": "bin/capacitor",
        "capacitor": "bin/capacitor"
      },
      "engines": {
        "node": ">=20.0.0"
      }
    },
    "node_modules/@capacitor/core": {
      "version": "7.6.5",
      "license": "MIT",
      "dependencies": {
        "tslib": "^2.1.0"
      }
    },
    "node_modules/@capacitor/haptics": {
      "version": "7.0.5",
      "license": "MIT",
      "peerDependencies": {
        "@capacitor/core": ">=7.0.0"
      }
    },
    "node_modules/@capacitor/ios": {
      "version": "7.6.5",
      "license": "MIT",
      "peerDependencies": {
        "@capacitor/core": "^7.6.0"
      }
    },
    "node_modules/@capacitor/keyboard": {
      "version": "7.0.6",
      "license": "MIT",
      "peerDependencies": {
        "@capacitor/core": ">=7.0.0"
      }
    },
    "node_modules/@capacitor/splash-screen": {
      "version": "7.0.5",
      "license": "MIT",
      "peerDependencies": {
        "@capacitor/core": ">=7.0.0"
      }
    },
    "node_modules/@capacitor/status-bar": {
      "version": "7.0.6",
      "license": "MIT",
      "peerDependencies": {
        "@capacitor/core": ">=7.0.0"
      }
    },
    "node_modules/@ionic/cli-framework-output": {
      "version": "2.2.8",
      "dev": true,
      "license": "MIT",
      "dependencies": {
        "@ionic/utils-terminal": "2.3.5",
        "debug": "^4.0.0",
        "tslib": "^2.0.1"
      },
      "engines": {
        "node": ">=16.0.0"
      }
    },
    "node_modules/@ionic/utils-array": {
      "version": "2.1.6",
      "dev": true,
      "license": "MIT",
      "dependencies": {
        "debug": "^4.0.0",
        "tslib": "^2.0.1"
      },
      "engines": {
        "node": ">=16.0.0"
      }
    },
    "node_modules/@ionic/utils-fs": {
      "version": "3.1.7",
      "dev": true,
      "license": "MIT",
      "dependencies": {
        "@types/fs-extra": "^8.0.0",
        "debug": "^4.0.0",
        "fs-extra": "^9.0.0",
        "tslib": "^2.0.1"
      },
      "engines": {
        "node": ">=16.0.0"
      }
    },
    "node_modules/@ionic/utils-fs/node_modules/fs-extra": {
      "version": "9.1.0",
      "dev": true,
      "license": "MIT",
      "dependencies": {
        "at-least-node": "^1.0.0",
        "graceful-fs": "^4.2.0",
        "jsonfile": "^6.0.1",
        "universalify": "^2.0.0"
      },
      "engines": {
        "node": ">=10"
      }
    },
    "node_modules/@ionic/utils-object": {
      "version": "2.1.6",
      "dev": true,
      "license": "MIT",
      "dependencies": {
        "debug": "^4.0.0",
        "tslib": "^2.0.1"
      },
      "engines": {
        "node": ">=16.0.0"
      }
    },
    "node_modules/@ionic/utils-process": {
      "version": "2.1.12",
      "dev": true,
      "license": "MIT",
      "dependencies": {
        "@ionic/utils-object": "2.1.6",
        "@ionic/utils-terminal": "2.3.5",
        "debug": "^4.0.0",
        "signal-exit": "^3.0.3",
        "tree-kill": "^1.2.2",
        "tslib": "^2.0.1"
      },
      "engines": {
        "node": ">=16.0.0"
      }
    },
    "node_modules/@ionic/utils-stream": {
      "version": "3.1.7",
      "dev": true,
      "license": "MIT",
      "dependencies": {
        "debug": "^4.0.0",
        "tslib": "^2.0.1"
      },
      "engines": {
        "node": ">=16.0.0"
      }
    },
    "node_modules/@ionic/utils-subprocess": {
      "version": "3.0.1",
      "dev": true,
      "license": "MIT",
      "dependencies": {
        "@ionic/utils-array": "2.1.6",
        "@ionic/utils-fs": "3.1.7",
        "@ionic/utils-process": "2.1.12",
        "@ionic/utils-stream": "3.1.7",
        "@ionic/utils-terminal": "2.3.5",
        "cross-spawn": "^7.0.3",
        "debug": "^4.0.0",
        "tslib": "^2.0.1"
      },
      "engines": {
        "node": ">=16.0.0"
      }
    },
    "node_modules/@ionic/utils-terminal": {
      "version": "2.3.5",
      "dev": true,
      "license": "MIT",
      "dependencies": {
        "@types/slice-ansi": "^4.0.0",
        "debug": "^4.0.0",
        "signal-exit": "^3.0.3",
        "slice-ansi": "^4.0.0",
        "string-width": "^4.1.0",
        "strip-ansi": "^6.0.0",
        "tslib": "^2.0.1",
        "untildify": "^4.0.0",
        "wrap-ansi": "^7.0.0"
      },
      "engines": {
        "node": ">=16.0.0"
      }
    },
    "node_modules/@isaacs/cliui": {
      "version": "8.0.2",
      "license": "ISC",
      "dependencies": {
        "string-width": "^5.1.2",
        "string-width-cjs": "npm:string-width@^4.2.0",
        "strip-ansi": "^7.0.1",
        "strip-ansi-cjs": "npm:strip-ansi@^6.0.1",
        "wrap-ansi": "^8.1.0",
        "wrap-ansi-cjs": "npm:wrap-ansi@^7.0.0"
      },
      "engines": {
        "node": ">=12"
      }
    },
    "node_modules/@isaacs/cliui/node_modules/ansi-regex": {
      "version": "6.3.0",
      "license": "MIT",
      "engines": {
        "node": ">=12"
      },
      "funding": {
        "url": "https://github.com/chalk/ansi-regex?sponsor=1"
      }
    },
    "node_modules/@isaacs/cliui/node_modules/ansi-styles": {
      "version": "6.2.3",
      "license": "MIT",
      "engines": {
        "node": ">=12"
      },
      "funding": {
        "url": "https://github.com/chalk/ansi-styles?sponsor=1"
      }
    },
    "node_modules/@isaacs/cliui/node_modules/emoji-regex": {
      "version": "9.2.2",
      "license": "MIT"
    },
    "node_modules/@isaacs/cliui/node_modules/string-width": {
      "version": "5.1.2",
      "license": "MIT",
      "dependencies": {
        "eastasianwidth": "^0.2.0",
        "emoji-regex": "^9.2.2",
        "strip-ansi": "^7.0.1"
      },
      "engines": {
        "node": ">=12"
      },
      "funding": {
        "url": "https://github.com/sponsors/sindresorhus"
      }
    },
    "node_modules/@isaacs/cliui/node_modules/strip-ansi": {
      "version": "7.2.0",
      "license": "MIT",
      "dependencies": {
        "ansi-regex": "^6.2.2"
      },
      "engines": {
        "node": ">=12"
      },
      "funding": {
        "url": "https://github.com/chalk/strip-ansi?sponsor=1"
      }
    },
    "node_modules/@isaacs/cliui/node_modules/wrap-ansi": {
      "version": "8.1.0",
      "license": "MIT",
      "dependencies": {
        "ansi-styles": "^6.1.0",
        "string-width": "^5.0.1",
        "strip-ansi": "^7.0.1"
      },
      "engines": {
        "node": ">=12"
      },
      "funding": {
        "url": "https://github.com/chalk/wrap-ansi?sponsor=1"
      }
    },
    "node_modules/@isaacs/fs-minipass": {
      "version": "4.0.1",
      "dev": true,
      "license": "ISC",
      "dependencies": {
        "minipass": "^7.0.4"
      },
      "engines": {
        "node": ">=18.0.0"
      }
    },
    "node_modules/@pkgjs/parseargs": {
      "version": "0.11.0",
      "license": "MIT",
      "optional": true,
      "engines": {
        "node": ">=14"
      }
    },
    "node_modules/@revenuecat/purchases-capacitor": {
      "version": "11.3.2",
      "license": "MIT",
      "dependencies": {
        "@revenuecat/purchases-typescript-internal-esm": "17.25.0"
      },
      "peerDependencies": {
        "@capacitor/core": ">=7.0.0"
      }
    },
    "node_modules/@revenuecat/purchases-typescript-internal-esm": {
      "version": "17.25.0",
      "license": "MIT"
    },
    "node_modules/@types/fs-extra": {
      "version": "8.1.5",
      "dev": true,
      "license": "MIT",
      "dependencies": {
        "@types/node": "*"
      }
    },
    "node_modules/@types/node": {
      "version": "25.9.1",
      "dev": true,
      "license": "MIT",
      "dependencies": {
        "undici-types": ">=7.24.0 <7.24.7"
      }
    },
    "node_modules/@types/slice-ansi": {
      "version": "4.0.0",
      "dev": true,
      "license": "MIT"
    },
    "node_modules/@xmldom/xmldom": {
      "version": "0.9.10",
      "dev": true,
      "license": "MIT",
      "engines": {
        "node": ">=14.6"
      }
    },
    "node_modules/agent-base": {
      "version": "7.1.4",
      "license": "MIT",
      "engines": {
        "node": ">= 14"
      }
    },
    "node_modules/ansi-regex": {
      "version": "5.0.1",
      "license": "MIT",
      "engines": {
        "node": ">=8"
      }
    },
    "node_modules/ansi-styles": {
      "version": "4.3.0",
      "license": "MIT",
      "dependencies": {
        "color-convert": "^2.0.1"
      },
      "engines": {
        "node": ">=8"
      },
      "funding": {
        "url": "https://github.com/chalk/ansi-styles?sponsor=1"
      }
    },
    "node_modules/astral-regex": {
      "version": "2.0.0",
      "dev": true,
      "license": "MIT",
      "engines": {
        "node": ">=8"
      }
    },
    "node_modules/at-least-node": {
      "version": "1.0.0",
      "dev": true,
      "license": "ISC",
      "engines": {
        "node": ">= 4.0.0"
      }
    },
    "node_modules/balanced-match": {
      "version": "4.0.4",
      "dev": true,
      "license": "MIT",
      "engines": {
        "node": "18 || 20 || >=22"
      }
    },
    "node_modules/base64-js": {
      "version": "1.5.1",
      "funding": [
        {
          "type": "github",
          "url": "https://github.com/sponsors/feross"
        },
        {
          "type": "patreon",
          "url": "https://www.patreon.com/feross"
        },
        {
          "type": "consulting",
          "url": "https://feross.org/support"
        }
      ],
      "license": "MIT"
    },
    "node_modules/big-integer": {
      "version": "1.6.52",
      "dev": true,
      "license": "Unlicense",
      "engines": {
        "node": ">=0.6"
      }
    },
    "node_modules/bignumber.js": {
      "version": "9.3.1",
      "license": "MIT",
      "engines": {
        "node": "*"
      }
    },
    "node_modules/bplist-parser": {
      "version": "0.3.2",
      "dev": true,
      "license": "MIT",
      "dependencies": {
        "big-integer": "1.6.x"
      },
      "engines": {
        "node": ">= 5.10.0"
      }
    },
    "node_modules/brace-expansion": {
      "version": "5.0.6",
      "dev": true,
      "license": "MIT",
      "dependencies": {
        "balanced-match": "^4.0.2"
      },
      "engines": {
        "node": "18 || 20 || >=22"
      }
    },
    "node_modules/buffer-crc32": {
      "version": "0.2.13",
      "dev": true,
      "license": "MIT",
      "engines": {
        "node": "*"
      }
    },
    "node_modules/buffer-equal-constant-time": {
      "version": "1.0.1",
      "license": "BSD-3-Clause"
    },
    "node_modules/call-bind-apply-helpers": {
      "version": "1.0.2",
      "license": "MIT",
      "dependencies": {
        "es-errors": "^1.3.0",
        "function-bind": "^1.1.2"
      },
      "engines": {
        "node": ">= 0.4"
      }
    },
    "node_modules/call-bound": {
      "version": "1.0.4",
      "license": "MIT",
      "dependencies": {
        "call-bind-apply-helpers": "^1.0.2",
        "get-intrinsic": "^1.3.0"
      },
      "engines": {
        "node": ">= 0.4"
      },
      "funding": {
        "url": "https://github.com/sponsors/ljharb"
      }
    },
    "node_modules/chownr": {
      "version": "3.0.0",
      "dev": true,
      "license": "BlueOak-1.0.0",
      "engines": {
        "node": ">=18"
      }
    },
    "node_modules/color-convert": {
      "version": "2.0.1",
      "license": "MIT",
      "dependencies": {
        "color-name": "~1.1.4"
      },
      "engines": {
        "node": ">=7.0.0"
      }
    },
    "node_modules/color-name": {
      "version": "1.1.4",
      "license": "MIT"
    },
    "node_modules/commander": {
      "version": "12.1.0",
      "dev": true,
      "license": "MIT",
      "engines": {
        "node": ">=18"
      }
    },
    "node_modules/cross-spawn": {
      "version": "7.0.6",
      "license": "MIT",
      "dependencies": {
        "path-key": "^3.1.0",
        "shebang-command": "^2.0.0",
        "which": "^2.0.1"
      },
      "engines": {
        "node": ">= 8"
      }
    },
    "node_modules/data-uri-to-buffer": {
      "version": "4.0.1",
      "license": "MIT",
      "engines": {
        "node": ">= 12"
      }
    },
    "node_modules/debug": {
      "version": "4.4.3",
      "license": "MIT",
      "dependencies": {
        "ms": "^2.1.3"
      },
      "engines": {
        "node": ">=6.0"
      },
      "peerDependenciesMeta": {
        "supports-color": {
          "optional": true
        }
      }
    },
    "node_modules/define-lazy-prop": {
      "version": "2.0.0",
      "dev": true,
      "license": "MIT",
      "engines": {
        "node": ">=8"
      }
    },
    "node_modules/dunder-proto": {
      "version": "1.0.1",
      "license": "MIT",
      "dependencies": {
        "call-bind-apply-helpers": "^1.0.1",
        "es-errors": "^1.3.0",
        "gopd": "^1.2.0"
      },
      "engines": {
        "node": ">= 0.4"
      }
    },
    "node_modules/eastasianwidth": {
      "version": "0.2.0",
      "license": "MIT"
    },
    "node_modules/ecdsa-sig-formatter": {
      "version": "1.0.11",
      "license": "Apache-2.0",
      "dependencies": {
        "safe-buffer": "^5.0.1"
      }
    },
    "node_modules/elementtree": {
      "version": "0.1.7",
      "dev": true,
      "license": "Apache-2.0",
      "dependencies": {
        "sax": "1.1.4"
      },
      "engines": {
        "node": ">= 0.4.0"
      }
    },
    "node_modules/emoji-regex": {
      "version": "8.0.0",
      "license": "MIT"
    },
    "node_modules/env-paths": {
      "version": "2.2.1",
      "dev": true,
      "license": "MIT",
      "engines": {
        "node": ">=6"
      }
    },
    "node_modules/es-define-property": {
      "version": "1.0.1",
      "license": "MIT",
      "engines": {
        "node": ">= 0.4"
      }
    },
    "node_modules/es-errors": {
      "version": "1.3.0",
      "license": "MIT",
      "engines": {
        "node": ">= 0.4"
      }
    },
    "node_modules/es-object-atoms": {
      "version": "1.1.2",
      "license": "MIT",
      "dependencies": {
        "es-errors": "^1.3.0"
      },
      "engines": {
        "node": ">= 0.4"
      }
    },
    "node_modules/extend": {
      "version": "3.0.2",
      "license": "MIT"
    },
    "node_modules/fd-slicer": {
      "version": "1.1.0",
      "dev": true,
      "license": "MIT",
      "dependencies": {
        "pend": "~1.2.0"
      }
    },
    "node_modules/fetch-blob": {
      "version": "3.2.0",
      "funding": [
        {
          "type": "github",
          "url": "https://github.com/sponsors/jimmywarting"
        },
        {
          "type": "paypal",
          "url": "https://paypal.me/jimmywarting"
        }
      ],
      "license": "MIT",
      "dependencies": {
        "node-domexception": "^1.0.0",
        "web-streams-polyfill": "^3.0.3"
      },
      "engines": {
        "node": "^12.20 || >= 14.13"
      }
    },
    "node_modules/foreground-child": {
      "version": "3.3.1",
      "license": "ISC",
      "dependencies": {
        "cross-spawn": "^7.0.6",
        "signal-exit": "^4.0.1"
      },
      "engines": {
        "node": ">=14"
      },
      "funding": {
        "url": "https://github.com/sponsors/isaacs"
      }
    },
    "node_modules/foreground-child/node_modules/signal-exit": {
      "version": "4.1.0",
      "license": "ISC",
      "engines": {
        "node": ">=14"
      },
      "funding": {
        "url": "https://github.com/sponsors/isaacs"
      }
    },
    "node_modules/formdata-polyfill": {
      "version": "4.0.10",
      "license": "MIT",
      "dependencies": {
        "fetch-blob": "^3.1.2"
      },
      "engines": {
        "node": ">=12.20.0"
      }
    },
    "node_modules/fs-extra": {
      "version": "11.3.5",
      "dev": true,
      "license": "MIT",
      "dependencies": {
        "graceful-fs": "^4.2.0",
        "jsonfile": "^6.0.1",
        "universalify": "^2.0.0"
      },
      "engines": {
        "node": ">=14.14"
      }
    },
    "node_modules/function-bind": {
      "version": "1.1.2",
      "license": "MIT",
      "funding": {
        "url": "https://github.com/sponsors/ljharb"
      }
    },
    "node_modules/gaxios": {
      "version": "7.3.1",
      "license": "Apache-2.0",
      "dependencies": {
        "extend": "^3.0.2",
        "https-proxy-agent": "^7.0.1",
        "node-fetch": "^3.3.2"
      },
      "engines": {
        "node": ">=18"
      }
    },
    "node_modules/gcp-metadata": {
      "version": "8.1.4",
      "license": "Apache-2.0",
      "dependencies": {
        "gaxios": "7.1.3",
        "google-logging-utils": "1.1.3",
        "json-bigint": "^1.0.0"
      },
      "engines": {
        "node": ">=18"
      }
    },
    "node_modules/gcp-metadata/node_modules/balanced-match": {
      "version": "1.0.2",
      "license": "MIT"
    },
    "node_modules/gcp-metadata/node_modules/brace-expansion": {
      "version": "2.1.4",
      "license": "MIT",
      "dependencies": {
        "balanced-match": "^1.0.0"
      }
    },
    "node_modules/gcp-metadata/node_modules/gaxios": {
      "version": "7.1.3",
      "license": "Apache-2.0",
      "dependencies": {
        "extend": "^3.0.2",
        "https-proxy-agent": "^7.0.1",
        "node-fetch": "^3.3.2",
        "rimraf": "^5.0.1"
      },
      "engines": {
        "node": ">=18"
      }
    },
    "node_modules/gcp-metadata/node_modules/glob": {
      "version": "10.5.0",
      "license": "ISC",
      "dependencies": {
        "foreground-child": "^3.1.0",
        "jackspeak": "^3.1.2",
        "minimatch": "^9.0.4",
        "minipass": "^7.1.2",
        "package-json-from-dist": "^1.0.0",
        "path-scurry": "^1.11.1"
      },
      "bin": {
        "glob": "dist/esm/bin.mjs"
      },
      "funding": {
        "url": "https://github.com/sponsors/isaacs"
      }
    },
    "node_modules/gcp-metadata/node_modules/google-logging-utils": {
      "version": "1.1.3",
      "license": "Apache-2.0",
      "engines": {
        "node": ">=14"
      }
    },
    "node_modules/gcp-metadata/node_modules/lru-cache": {
      "version": "10.4.3",
      "license": "ISC"
    },
    "node_modules/gcp-metadata/node_modules/minimatch": {
      "version": "9.0.9",
      "license": "ISC",
      "dependencies": {
        "brace-expansion": "^2.0.2"
      },
      "engines": {
        "node": ">=16 || 14 >=14.17"
      },
      "funding": {
        "url": "https://github.com/sponsors/isaacs"
      }
    },
    "node_modules/gcp-metadata/node_modules/path-scurry": {
      "version": "1.11.1",
      "license": "BlueOak-1.0.0",
      "dependencies": {
        "lru-cache": "^10.2.0",
        "minipass": "^5.0.0 || ^6.0.2 || ^7.0.0"
      },
      "engines": {
        "node": ">=16 || 14 >=14.18"
      },
      "funding": {
        "url": "https://github.com/sponsors/isaacs"
      }
    },
    "node_modules/gcp-metadata/node_modules/rimraf": {
      "version": "5.0.10",
      "license": "ISC",
      "dependencies": {
        "glob": "^10.3.7"
      },
      "bin": {
        "rimraf": "dist/esm/bin.mjs"
      },
      "funding": {
        "url": "https://github.com/sponsors/isaacs"
      }
    },
    "node_modules/get-intrinsic": {
      "version": "1.3.0",
      "license": "MIT",
      "dependencies": {
        "call-bind-apply-helpers": "^1.0.2",
        "es-define-property": "^1.0.1",
        "es-errors": "^1.3.0",
        "es-object-atoms": "^1.1.1",
        "function-bind": "^1.1.2",
        "get-proto": "^1.0.1",
        "gopd": "^1.2.0",
        "has-symbols": "^1.1.0",
        "hasown": "^2.0.2",
        "math-intrinsics": "^1.1.0"
      },
      "engines": {
        "node": ">= 0.4"
      },
      "funding": {
        "url": "https://github.com/sponsors/ljharb"
      }
    },
    "node_modules/get-proto": {
      "version": "1.0.1",
      "license": "MIT",
      "dependencies": {
        "dunder-proto": "^1.0.1",
        "es-object-atoms": "^1.0.0"
      },
      "engines": {
        "node": ">= 0.4"
      }
    },
    "node_modules/glob": {
      "version": "13.0.6",
      "dev": true,
      "license": "BlueOak-1.0.0",
      "dependencies": {
        "minimatch": "^10.2.2",
        "minipass": "^7.1.3",
        "path-scurry": "^2.0.2"
      },
      "engines": {
        "node": "18 || 20 || >=22"
      },
      "funding": {
        "url": "https://github.com/sponsors/isaacs"
      }
    },
    "node_modules/google-auth-library": {
      "version": "10.5.0",
      "license": "Apache-2.0",
      "dependencies": {
        "base64-js": "^1.3.0",
        "ecdsa-sig-formatter": "^1.0.11",
        "gaxios": "^7.0.0",
        "gcp-metadata": "^8.0.0",
        "google-logging-utils": "^1.0.0",
        "gtoken": "^8.0.0",
        "jws": "^4.0.0"
      },
      "engines": {
        "node": ">=18"
      }
    },
    "node_modules/google-logging-utils": {
      "version": "1.2.0",
      "license": "Apache-2.0",
      "engines": {
        "node": ">=18"
      }
    },
    "node_modules/googleapis": {
      "version": "175.0.0",
      "license": "Apache-2.0",
      "dependencies": {
        "google-auth-library": "10.5.0",
        "googleapis-common": "^8.0.0"
      },
      "engines": {
        "node": ">=18"
      }
    },
    "node_modules/googleapis-common": {
      "version": "8.0.3",
      "license": "Apache-2.0",
      "dependencies": {
        "extend": "^3.0.2",
        "gaxios": "7.1.3",
        "google-auth-library": "10.5.0",
        "google-logging-utils": "1.1.3",
        "qs": "^6.7.0",
        "url-template": "^2.0.8"
      },
      "engines": {
        "node": ">=18"
      }
    },
    "node_modules/googleapis-common/node_modules/balanced-match": {
      "version": "1.0.2",
      "license": "MIT"
    },
    "node_modules/googleapis-common/node_modules/brace-expansion": {
      "version": "2.1.4",
      "license": "MIT",
      "dependencies": {
        "balanced-match": "^1.0.0"
      }
    },
    "node_modules/googleapis-common/node_modules/gaxios": {
      "version": "7.1.3",
      "license": "Apache-2.0",
      "dependencies": {
        "extend": "^3.0.2",
        "https-proxy-agent": "^7.0.1",
        "node-fetch": "^3.3.2",
        "rimraf": "^5.0.1"
      },
      "engines": {
        "node": ">=18"
      }
    },
    "node_modules/googleapis-common/node_modules/glob": {
      "version": "10.5.0",
      "license": "ISC",
      "dependencies": {
        "foreground-child": "^3.1.0",
        "jackspeak": "^3.1.2",
        "minimatch": "^9.0.4",
        "minipass": "^7.1.2",
        "package-json-from-dist": "^1.0.0",
        "path-scurry": "^1.11.1"
      },
      "bin": {
        "glob": "dist/esm/bin.mjs"
      },
      "funding": {
        "url": "https://github.com/sponsors/isaacs"
      }
    },
    "node_modules/googleapis-common/node_modules/google-logging-utils": {
      "version": "1.1.3",
      "license": "Apache-2.0",
      "engines": {
        "node": ">=14"
      }
    },
    "node_modules/googleapis-common/node_modules/lru-cache": {
      "version": "10.4.3",
      "license": "ISC"
    },
    "node_modules/googleapis-common/node_modules/minimatch": {
      "version": "9.0.9",
      "license": "ISC",
      "dependencies": {
        "brace-expansion": "^2.0.2"
      },
      "engines": {
        "node": ">=16 || 14 >=14.17"
      },
      "funding": {
        "url": "https://github.com/sponsors/isaacs"
      }
    },
    "node_modules/googleapis-common/node_modules/path-scurry": {
      "version": "1.11.1",
      "license": "BlueOak-1.0.0",
      "dependencies": {
        "lru-cache": "^10.2.0",
        "minipass": "^5.0.0 || ^6.0.2 || ^7.0.0"
      },
      "engines": {
        "node": ">=16 || 14 >=14.18"
      },
      "funding": {
        "url": "https://github.com/sponsors/isaacs"
      }
    },
    "node_modules/googleapis-common/node_modules/rimraf": {
      "version": "5.0.10",
      "license": "ISC",
      "dependencies": {
        "glob": "^10.3.7"
      },
      "bin": {
        "rimraf": "dist/esm/bin.mjs"
      },
      "funding": {
        "url": "https://github.com/sponsors/isaacs"
      }
    },
    "node_modules/gopd": {
      "version": "1.2.0",
      "license": "MIT",
      "engines": {
        "node": ">= 0.4"
      },
      "funding": {
        "url": "https://github.com/sponsors/ljharb"
      }
    },
    "node_modules/graceful-fs": {
      "version": "4.2.11",
      "dev": true,
      "license": "ISC"
    },
    "node_modules/gtoken": {
      "version": "8.0.0",
      "license": "MIT",
      "dependencies": {
        "gaxios": "^7.0.0",
        "jws": "^4.0.0"
      },
      "engines": {
        "node": ">=18"
      }
    },
    "node_modules/has-symbols": {
      "version": "1.1.0",
      "license": "MIT",
      "engines": {
        "node": ">= 0.4"
      },
      "funding": {
        "url": "https://github.com/sponsors/ljharb"
      }
    },
    "node_modules/hasown": {
      "version": "2.0.4",
      "license": "MIT",
      "dependencies": {
        "function-bind": "^1.1.2"
      },
      "engines": {
        "node": ">= 0.4"
      }
    },
    "node_modules/https-proxy-agent": {
      "version": "7.0.6",
      "license": "MIT",
      "dependencies": {
        "agent-base": "^7.1.2",
        "debug": "4"
      },
      "engines": {
        "node": ">= 14"
      }
    },
    "node_modules/inherits": {
      "version": "2.0.4",
      "dev": true,
      "license": "ISC"
    },
    "node_modules/ini": {
      "version": "4.1.3",
      "dev": true,
      "license": "ISC",
      "engines": {
        "node": "^14.17.0 || ^16.13.0 || >=18.0.0"
      }
    },
    "node_modules/is-docker": {
      "version": "2.2.1",
      "dev": true,
      "license": "MIT",
      "bin": {
        "is-docker": "cli.js"
      },
      "engines": {
        "node": ">=8"
      },
      "funding": {
        "url": "https://github.com/sponsors/sindresorhus"
      }
    },
    "node_modules/is-fullwidth-code-point": {
      "version": "3.0.0",
      "license": "MIT",
      "engines": {
        "node": ">=8"
      }
    },
    "node_modules/is-wsl": {
      "version": "2.2.0",
      "dev": true,
      "license": "MIT",
      "dependencies": {
        "is-docker": "^2.0.0"
      },
      "engines": {
        "node": ">=8"
      }
    },
    "node_modules/isexe": {
      "version": "2.0.0",
      "license": "ISC"
    },
    "node_modules/jackspeak": {
      "version": "3.4.3",
      "license": "BlueOak-1.0.0",
      "dependencies": {
        "@isaacs/cliui": "^8.0.2"
      },
      "funding": {
        "url": "https://github.com/sponsors/isaacs"
      },
      "optionalDependencies": {
        "@pkgjs/parseargs": "^0.11.0"
      }
    },
    "node_modules/json-bigint": {
      "version": "1.0.0",
      "license": "MIT",
      "dependencies": {
        "bignumber.js": "^9.0.0"
      }
    },
    "node_modules/jsonfile": {
      "version": "6.2.1",
      "dev": true,
      "license": "MIT",
      "dependencies": {
        "universalify": "^2.0.0"
      },
      "optionalDependencies": {
        "graceful-fs": "^4.1.6"
      }
    },
    "node_modules/jwa": {
      "version": "2.0.1",
      "license": "MIT",
      "dependencies": {
        "buffer-equal-constant-time": "^1.0.1",
        "ecdsa-sig-formatter": "1.0.11",
        "safe-buffer": "^5.0.1"
      }
    },
    "node_modules/jws": {
      "version": "4.0.1",
      "license": "MIT",
      "dependencies": {
        "jwa": "^2.0.1",
        "safe-buffer": "^5.0.1"
      }
    },
    "node_modules/kleur": {
      "version": "4.1.5",
      "dev": true,
      "license": "MIT",
      "engines": {
        "node": ">=6"
      }
    },
    "node_modules/lru-cache": {
      "version": "11.5.0",
      "dev": true,
      "license": "BlueOak-1.0.0",
      "engines": {
        "node": "20 || >=22"
      }
    },
    "node_modules/math-intrinsics": {
      "version": "1.1.0",
      "license": "MIT",
      "engines": {
        "node": ">= 0.4"
      }
    },
    "node_modules/minimatch": {
      "version": "10.2.5",
      "dev": true,
      "license": "BlueOak-1.0.0",
      "dependencies": {
        "brace-expansion": "^5.0.5"
      },
      "engines": {
        "node": "18 || 20 || >=22"
      },
      "funding": {
        "url": "https://github.com/sponsors/isaacs"
      }
    },
    "node_modules/minipass": {
      "version": "7.1.3",
      "license": "BlueOak-1.0.0",
      "engines": {
        "node": ">=16 || 14 >=14.17"
      }
    },
    "node_modules/minizlib": {
      "version": "3.1.0",
      "dev": true,
      "license": "MIT",
      "dependencies": {
        "minipass": "^7.1.2"
      },
      "engines": {
        "node": ">= 18"
      }
    },
    "node_modules/ms": {
      "version": "2.1.3",
      "license": "MIT"
    },
    "node_modules/native-run": {
      "version": "2.0.3",
      "dev": true,
      "license": "MIT",
      "dependencies": {
        "@ionic/utils-fs": "^3.1.7",
        "@ionic/utils-terminal": "^2.3.4",
        "bplist-parser": "^0.3.2",
        "debug": "^4.3.4",
        "elementtree": "^0.1.7",
        "ini": "^4.1.1",
        "plist": "^3.1.0",
        "split2": "^4.2.0",
        "through2": "^4.0.2",
        "tslib": "^2.6.2",
        "yauzl": "^2.10.0"
      },
      "bin": {
        "native-run": "bin/native-run"
      },
      "engines": {
        "node": ">=16.0.0"
      }
    },
    "node_modules/node-domexception": {
      "version": "1.0.0",
      "funding": [
        {
          "type": "github",
          "url": "https://github.com/sponsors/jimmywarting"
        },
        {
          "type": "github",
          "url": "https://paypal.me/jimmywarting"
        }
      ],
      "license": "MIT",
      "engines": {
        "node": ">=10.5.0"
      }
    },
    "node_modules/node-fetch": {
      "version": "3.3.2",
      "license": "MIT",
      "dependencies": {
        "data-uri-to-buffer": "^4.0.0",
        "fetch-blob": "^3.1.4",
        "formdata-polyfill": "^4.0.10"
      },
      "engines": {
        "node": "^12.20.0 || ^14.13.1 || >=16.0.0"
      },
      "funding": {
        "type": "opencollective",
        "url": "https://opencollective.com/node-fetch"
      }
    },
    "node_modules/object-inspect": {
      "version": "1.13.4",
      "license": "MIT",
      "engines": {
        "node": ">= 0.4"
      },
      "funding": {
        "url": "https://github.com/sponsors/ljharb"
      }
    },
    "node_modules/open": {
      "version": "8.4.2",
      "dev": true,
      "license": "MIT",
      "dependencies": {
        "define-lazy-prop": "^2.0.0",
        "is-docker": "^2.1.1",
        "is-wsl": "^2.2.0"
      },
      "engines": {
        "node": ">=12"
      },
      "funding": {
        "url": "https://github.com/sponsors/sindresorhus"
      }
    },
    "node_modules/package-json-from-dist": {
      "version": "1.0.1",
      "license": "BlueOak-1.0.0"
    },
    "node_modules/path-key": {
      "version": "3.1.1",
      "license": "MIT",
      "engines": {
        "node": ">=8"
      }
    },
    "node_modules/path-scurry": {
      "version": "2.0.2",
      "dev": true,
      "license": "BlueOak-1.0.0",
      "dependencies": {
        "lru-cache": "^11.0.0",
        "minipass": "^7.1.2"
      },
      "engines": {
        "node": "18 || 20 || >=22"
      },
      "funding": {
        "url": "https://github.com/sponsors/isaacs"
      }
    },
    "node_modules/pend": {
      "version": "1.2.0",
      "dev": true,
      "license": "MIT"
    },
    "node_modules/plist": {
      "version": "3.1.1",
      "dev": true,
      "license": "MIT",
      "dependencies": {
        "@xmldom/xmldom": "^0.9.10",
        "base64-js": "^1.5.1",
        "xmlbuilder": "^15.1.1"
      },
      "engines": {
        "node": ">=10.4.0"
      }
    },
    "node_modules/prompts": {
      "version": "2.4.2",
      "dev": true,
      "license": "MIT",
      "dependencies": {
        "kleur": "^3.0.3",
        "sisteransi": "^1.0.5"
      },
      "engines": {
        "node": ">= 6"
      }
    },
    "node_modules/prompts/node_modules/kleur": {
      "version": "3.0.3",
      "dev": true,
      "license": "MIT",
      "engines": {
        "node": ">=6"
      }
    },
    "node_modules/qs": {
      "version": "6.15.3",
      "license": "BSD-3-Clause",
      "dependencies": {
        "es-define-property": "^1.0.1",
        "side-channel": "^1.1.1"
      },
      "engines": {
        "node": ">=0.6"
      },
      "funding": {
        "url": "https://github.com/sponsors/ljharb"
      }
    },
    "node_modules/readable-stream": {
      "version": "3.6.2",
      "dev": true,
      "license": "MIT",
      "dependencies": {
        "inherits": "^2.0.3",
        "string_decoder": "^1.1.1",
        "util-deprecate": "^1.0.1"
      },
      "engines": {
        "node": ">= 6"
      }
    },
    "node_modules/rimraf": {
      "version": "6.1.3",
      "dev": true,
      "license": "BlueOak-1.0.0",
      "dependencies": {
        "glob": "^13.0.3",
        "package-json-from-dist": "^1.0.1"
      },
      "bin": {
        "rimraf": "dist/esm/bin.mjs"
      },
      "engines": {
        "node": "20 || >=22"
      },
      "funding": {
        "url": "https://github.com/sponsors/isaacs"
      }
    },
    "node_modules/safe-buffer": {
      "version": "5.2.1",
      "funding": [
        {
          "type": "github",
          "url": "https://github.com/sponsors/feross"
        },
        {
          "type": "patreon",
          "url": "https://www.patreon.com/feross"
        },
        {
          "type": "consulting",
          "url": "https://feross.org/support"
        }
      ],
      "license": "MIT"
    },
    "node_modules/sax": {
      "version": "1.1.4",
      "dev": true,
      "license": "ISC"
    },
    "node_modules/semver": {
      "version": "7.8.1",
      "dev": true,
      "license": "ISC",
      "bin": {
        "semver": "bin/semver.js"
      },
      "engines": {
        "node": ">=10"
      }
    },
    "node_modules/shebang-command": {
      "version": "2.0.0",
      "license": "MIT",
      "dependencies": {
        "shebang-regex": "^3.0.0"
      },
      "engines": {
        "node": ">=8"
      }
    },
    "node_modules/shebang-regex": {
      "version": "3.0.0",
      "license": "MIT",
      "engines": {
        "node": ">=8"
      }
    },
    "node_modules/side-channel": {
      "version": "1.1.1",
      "license": "MIT",
      "dependencies": {
        "es-errors": "^1.3.0",
        "object-inspect": "^1.13.4",
        "side-channel-list": "^1.0.1",
        "side-channel-map": "^1.0.1",
        "side-channel-weakmap": "^1.0.2"
      },
      "engines": {
        "node": ">= 0.4"
      },
      "funding": {
        "url": "https://github.com/sponsors/ljharb"
      }
    },
    "node_modules/side-channel-list": {
      "version": "1.0.1",
      "license": "MIT",
      "dependencies": {
        "es-errors": "^1.3.0",
        "object-inspect": "^1.13.4"
      },
      "engines": {
        "node": ">= 0.4"
      },
      "funding": {
        "url": "https://github.com/sponsors/ljharb"
      }
    },
    "node_modules/side-channel-map": {
      "version": "1.0.1",
      "license": "MIT",
      "dependencies": {
        "call-bound": "^1.0.2",
        "es-errors": "^1.3.0",
        "get-intrinsic": "^1.2.5",
        "object-inspect": "^1.13.3"
      },
      "engines": {
        "node": ">= 0.4"
      },
      "funding": {
        "url": "https://github.com/sponsors/ljharb"
      }
    },
    "node_modules/side-channel-weakmap": {
      "version": "1.0.2",
      "license": "MIT",
      "dependencies": {
        "call-bound": "^1.0.2",
        "es-errors": "^1.3.0",
        "get-intrinsic": "^1.2.5",
        "object-inspect": "^1.13.3",
        "side-channel-map": "^1.0.1"
      },
      "engines": {
        "node": ">= 0.4"
      },
      "funding": {
        "url": "https://github.com/sponsors/ljharb"
      }
    },
    "node_modules/signal-exit": {
      "version": "3.0.7",
      "dev": true,
      "license": "ISC"
    },
    "node_modules/sisteransi": {
      "version": "1.0.5",
      "dev": true,
      "license": "MIT"
    },
    "node_modules/slice-ansi": {
      "version": "4.0.0",
      "dev": true,
      "license": "MIT",
      "dependencies": {
        "ansi-styles": "^4.0.0",
        "astral-regex": "^2.0.0",
        "is-fullwidth-code-point": "^3.0.0"
      },
      "engines": {
        "node": ">=10"
      },
      "funding": {
        "url": "https://github.com/chalk/slice-ansi?sponsor=1"
      }
    },
    "node_modules/split2": {
      "version": "4.2.0",
      "dev": true,
      "license": "ISC",
      "engines": {
        "node": ">= 10.x"
      }
    },
    "node_modules/string_decoder": {
      "version": "1.3.0",
      "dev": true,
      "license": "MIT",
      "dependencies": {
        "safe-buffer": "~5.2.0"
      }
    },
    "node_modules/string-width": {
      "version": "4.2.3",
      "license": "MIT",
      "dependencies": {
        "emoji-regex": "^8.0.0",
        "is-fullwidth-code-point": "^3.0.0",
        "strip-ansi": "^6.0.1"
      },
      "engines": {
        "node": ">=8"
      }
    },
    "node_modules/string-width-cjs": {
      "name": "string-width",
      "version": "4.2.3",
      "license": "MIT",
      "dependencies": {
        "emoji-regex": "^8.0.0",
        "is-fullwidth-code-point": "^3.0.0",
        "strip-ansi": "^6.0.1"
      },
      "engines": {
        "node": ">=8"
      }
    },
    "node_modules/strip-ansi": {
      "version": "6.0.1",
      "license": "MIT",
      "dependencies": {
        "ansi-regex": "^5.0.1"
      },
      "engines": {
        "node": ">=8"
      }
    },
    "node_modules/strip-ansi-cjs": {
      "name": "strip-ansi",
      "version": "6.0.1",
      "license": "MIT",
      "dependencies": {
        "ansi-regex": "^5.0.1"
      },
      "engines": {
        "node": ">=8"
      }
    },
    "node_modules/tar": {
      "version": "7.5.15",
      "dev": true,
      "license": "BlueOak-1.0.0",
      "dependencies": {
        "@isaacs/fs-minipass": "^4.0.0",
        "chownr": "^3.0.0",
        "minipass": "^7.1.2",
        "minizlib": "^3.1.0",
        "yallist": "^5.0.0"
      },
      "engines": {
        "node": ">=18"
      }
    },
    "node_modules/through2": {
      "version": "4.0.2",
      "dev": true,
      "license": "MIT",
      "dependencies": {
        "readable-stream": "3"
      }
    },
    "node_modules/tree-kill": {
      "version": "1.2.2",
      "dev": true,
      "license": "MIT",
      "bin": {
        "tree-kill": "cli.js"
      }
    },
    "node_modules/tslib": {
      "version": "2.8.1",
      "license": "0BSD"
    },
    "node_modules/undici-types": {
      "version": "7.24.6",
      "dev": true,
      "license": "MIT"
    },
    "node_modules/universalify": {
      "version": "2.0.1",
      "dev": true,
      "license": "MIT",
      "engines": {
        "node": ">= 10.0.0"
      }
    },
    "node_modules/untildify": {
      "version": "4.0.0",
      "dev": true,
      "license": "MIT",
      "engines": {
        "node": ">=8"
      }
    },
    "node_modules/url-template": {
      "version": "2.0.8",
      "license": "BSD"
    },
    "node_modules/util-deprecate": {
      "version": "1.0.2",
      "dev": true,
      "license": "MIT"
    },
    "node_modules/web-streams-polyfill": {
      "version": "3.3.3",
      "license": "MIT",
      "engines": {
        "node": ">= 8"
      }
    },
    "node_modules/which": {
      "version": "2.0.2",
      "license": "ISC",
      "dependencies": {
        "isexe": "^2.0.0"
      },
      "bin": {
        "node-which": "bin/node-which"
      },
      "engines": {
        "node": ">= 8"
      }
    },
    "node_modules/wrap-ansi": {
      "version": "7.0.0",
      "dev": true,
      "license": "MIT",
      "dependencies": {
        "ansi-styles": "^4.0.0",
        "string-width": "^4.1.0",
        "strip-ansi": "^6.0.0"
      },
      "engines": {
        "node": ">=10"
      },
      "funding": {
        "url": "https://github.com/chalk/wrap-ansi?sponsor=1"
      }
    },
    "node_modules/wrap-ansi-cjs": {
      "name": "wrap-ansi",
      "version": "7.0.0",
      "license": "MIT",
      "dependencies": {
        "ansi-styles": "^4.0.0",
        "string-width": "^4.1.0",
        "strip-ansi": "^6.0.0"
      },
      "engines": {
        "node": ">=10"
      },
      "funding": {
        "url": "https://github.com/chalk/wrap-ansi?sponsor=1"
      }
    },
    "node_modules/xml2js": {
      "version": "0.6.2",
      "dev": true,
      "license": "MIT",
      "dependencies": {
        "sax": ">=0.6.0",
        "xmlbuilder": "~11.0.0"
      },
      "engines": {
        "node": ">=4.0.0"
      }
    },
    "node_modules/xml2js/node_modules/xmlbuilder": {
      "version": "11.0.1",
      "dev": true,
      "license": "MIT",
      "engines": {
        "node": ">=4.0"
      }
    },
    "node_modules/xmlbuilder": {
      "version": "15.1.1",
      "dev": true,
      "license": "MIT",
      "engines": {
        "node": ">=8.0"
      }
    },
    "node_modules/yallist": {
      "version": "5.0.0",
      "dev": true,
      "license": "BlueOak-1.0.0",
      "engines": {
        "node": ">=18"
      }
    },
    "node_modules/yauzl": {
      "version": "2.10.0",
      "dev": true,
      "license": "MIT",
      "dependencies": {
        "buffer-crc32": "~0.2.3",
        "fd-slicer": "~1.1.0"
      }
    }
  }
}
